
Microsoft Visual Studio Solution File, Format Version 12.00
# Visual Studio Version 16
VisualStudioVersion = 16.0.33214.272
MinimumVisualStudioVersion = 10.0.40219.1
Project("{9A19103F-16F7-4668-BE54-9A1E7A4F7556}") = "3_aab_a2b", "3_aab_a2b\3_aab_a2b.csproj", "{A14D1259-8980-4D01-A1CF-7A30B338EF55}"
EndProject
Project("{FAE04EC0-301F-11D3-BF4B-00C04F79EFBC}") = "Tests", "Tests\Tests.csproj", "{699BF131-2BC7-4463-8587-8D7784BB9869}"
EndProject
Global
	GlobalSection(SolutionConfigurationPlatforms) = preSolution
		Debug|Any CPU = Debug|Any CPU
		Release|Any CPU = Release|Any CPU
	EndGlobalSection
	GlobalSection(ProjectConfigurationPlatforms) = postSolution
		{A14D1259-8980-4D01-A1CF-7A30B338EF55}.Debug|Any CPU.ActiveCfg = Debug|Any CPU
		{A14D1259-8980-4D01-A1CF-7A30B338EF55}.Debug|Any CPU.Build.0 = Debug|Any CPU
		{A14D1259-8980-4D01-A1CF-7A30B338EF55}.Release|Any CPU.ActiveCfg = Release|Any CPU
		{A14D1259-8980-4D01-A1CF-7A30B338EF55}.Release|Any CPU.Build.0 = Release|Any CPU
		{699BF131-2BC7-4463-8587-8D7784BB9869}.Debug|Any CPU.ActiveCfg = Debug|Any CPU
		{699BF131-2BC7-4463-8587-8D7784BB9869}.Debug|Any CPU.Build.0 = Debug|Any CPU
		{699BF131-2BC7-4463-8587-8D7784BB9869}.Release|Any CPU.ActiveCfg = Release|Any CPU
		{699BF131-2BC7-4463-8587-8D7784BB9869}.Release|Any CPU.Build.0 = Release|Any CPU
	EndGlobalSection
	GlobalSection(SolutionProperties) = preSolution
		HideSolutionNode = FALSE
	EndGlobalSection
	GlobalSection(ExtensibilityGlobals) = postSolution
		SolutionGuid = {CFC174F1-4267-4EB7-89C4-E017F3A83DFC}
	EndGlobalSection
EndGlobal
